{
    "version": 3,
    "terraform_version": "0.11.13",
    "serial": 35,
    "lineage": "07e3f0f3-71f7-afe6-59da-e5f90bd9b56c",
    "modules": [
        {
            "path": [
                "root"
            ],
            "outputs": {
                "public_instance_ip": {
                    "sensitive": false,
                    "type": "list",
                    "value": [
                        ""
                    ]
                },
                "public_route_table_ids": {
                    "sensitive": false,
                    "type": "list",
                    "value": [
                        "rtb-0735425c55fcb102e"
                    ]
                },
                "public_subnets": {
                    "sensitive": false,
                    "type": "list",
                    "value": [
                        "subnet-085e3a7fd49529afd"
                    ]
                },
                "vpc_id": {
                    "sensitive": false,
                    "type": "string",
                    "value": "vpc-034e279a1720d37b1"
                }
            },
            "resources": {
                "aws_eip.nat": {
                    "type": "aws_eip",
                    "depends_on": [],
                    "primary": {
                        "id": "eipalloc-0d45139ac0d3bb3f5",
                        "attributes": {
                            "association_id": "eipassoc-0d5662fa068f49adb",
                            "domain": "vpc",
                            "id": "eipalloc-0d45139ac0d3bb3f5",
                            "instance": "",
                            "network_interface": "eni-069c5c3473aba61a5",
                            "private_dns": "ip-40-30-1-157.ec2.internal",
                            "private_ip": "40.30.1.157",
                            "public_dns": "ec2-3-229-78-246.compute-1.amazonaws.com",
                            "public_ip": "3.229.78.246",
                            "public_ipv4_pool": "amazon",
                            "tags.%": "0",
                            "vpc": "true"
                        },
                        "meta": {
                            "e2bfb730-ecaa-11e6-8f88-34363bc7c4c0": {
                                "delete": 180000000000,
                                "read": 900000000000,
                                "update": 300000000000
                            }
                        },
                        "tainted": false
                    },
                    "deposed": [],
                    "provider": "provider.aws"
                },
                "aws_iam_instance_profile.the_dock_s3_profile": {
                    "type": "aws_iam_instance_profile",
                    "depends_on": [
                        "aws_iam_role.the_dock_s3_role"
                    ],
                    "primary": {
                        "id": "the_dock_s3_profile",
                        "attributes": {
                            "arn": "arn:aws:iam::824065353601:instance-profile/the_dock_s3_profile",
                            "create_date": "2019-09-11T12:23:57Z",
                            "id": "the_dock_s3_profile",
                            "name": "the_dock_s3_profile",
                            "path": "/",
                            "role": "the_dock_s3_role",
                            "roles.#": "1",
                            "roles.1598552223": "the_dock_s3_role",
                            "unique_id": "AIPA37XQ7M6ASW66AR6RL"
                        },
                        "meta": {},
                        "tainted": false
                    },
                    "deposed": [],
                    "provider": "provider.aws"
                },
                "aws_iam_role.the_dock_s3_role": {
                    "type": "aws_iam_role",
                    "depends_on": [],
                    "primary": {
                        "id": "the_dock_s3_role",
                        "attributes": {
                            "arn": "arn:aws:iam::824065353601:role/the_dock_s3_role",
                            "assume_role_policy": "{\"Version\":\"2012-10-17\",\"Statement\":[{\"Sid\":\"\",\"Effect\":\"Allow\",\"Principal\":{\"Service\":\"ec2.amazonaws.com\"},\"Action\":\"sts:AssumeRole\"}]}",
                            "create_date": "2019-09-11T12:23:47Z",
                            "description": "",
                            "force_detach_policies": "false",
                            "id": "the_dock_s3_role",
                            "max_session_duration": "3600",
                            "name": "the_dock_s3_role",
                            "path": "/",
                            "tags.%": "0",
                            "unique_id": "AROA37XQ7M6A2VGTLQPXM"
                        },
                        "meta": {},
                        "tainted": false
                    },
                    "deposed": [],
                    "provider": "provider.aws"
                },
                "aws_iam_role_policy.the_dock_s3_policy": {
                    "type": "aws_iam_role_policy",
                    "depends_on": [
                        "aws_iam_role.the_dock_s3_role"
                    ],
                    "primary": {
                        "id": "the_dock_s3_role:the_dock_s3_policy",
                        "attributes": {
                            "id": "the_dock_s3_role:the_dock_s3_policy",
                            "name": "the_dock_s3_policy",
                            "policy": "{\n  \"Version\": \"2012-10-17\",\n  \"Statement\": [\n    {\n      \"Action\": [\n        \"s3:*\"\n      ],\n      \"Effect\": \"Allow\",\n      \"Resource\": \"*\"\n    }\n  ]\n}\n",
                            "role": "the_dock_s3_role"
                        },
                        "meta": {},
                        "tainted": false
                    },
                    "deposed": [],
                    "provider": "provider.aws"
                },
                "aws_instance.nat": {
                    "type": "aws_instance",
                    "depends_on": [
                        "aws_key_pair.ec2key",
                        "aws_security_group.nat",
                        "aws_subnet.subnet_public"
                    ],
                    "primary": {
                        "id": "i-08fd2ae9df8ab18a6",
                        "attributes": {
                            "ami": "ami-6869aa05",
                            "arn": "arn:aws:ec2:us-east-1:824065353601:instance/i-08fd2ae9df8ab18a6",
                            "associate_public_ip_address": "true",
                            "availability_zone": "us-east-1a",
                            "cpu_core_count": "1",
                            "cpu_threads_per_core": "1",
                            "disable_api_termination": "false",
                            "ebs_block_device.#": "0",
                            "ebs_optimized": "false",
                            "ephemeral_block_device.#": "0",
                            "get_password_data": "false",
                            "iam_instance_profile": "",
                            "id": "i-08fd2ae9df8ab18a6",
                            "instance_state": "running",
                            "instance_type": "m1.small",
                            "ipv6_address_count": "0",
                            "ipv6_addresses.#": "0",
                            "key_name": "merigadonKeyPair",
                            "monitoring": "false",
                            "network_interface.#": "0",
                            "password_data": "",
                            "placement_group": "",
                            "primary_network_interface_id": "eni-09b9902b10c34fbaa",
                            "private_dns": "ip-40-30-0-189.ec2.internal",
                            "private_ip": "40.30.0.189",
                            "public_dns": "ec2-52-91-254-61.compute-1.amazonaws.com",
                            "public_ip": "52.91.254.61",
                            "root_block_device.#": "1",
                            "root_block_device.0.delete_on_termination": "true",
                            "root_block_device.0.encrypted": "false",
                            "root_block_device.0.iops": "100",
                            "root_block_device.0.kms_key_id": "",
                            "root_block_device.0.volume_id": "vol-0a7bfb564f35e0651",
                            "root_block_device.0.volume_size": "8",
                            "root_block_device.0.volume_type": "gp2",
                            "security_groups.#": "0",
                            "source_dest_check": "false",
                            "subnet_id": "subnet-085e3a7fd49529afd",
                            "tags.%": "1",
                            "tags.Name": "merigadonNatInstance123414",
                            "tenancy": "default",
                            "volume_tags.%": "0",
                            "vpc_security_group_ids.#": "1",
                            "vpc_security_group_ids.3959460107": "sg-09cd96665aef4eec0"
                        },
                        "meta": {
                            "e2bfb730-ecaa-11e6-8f88-34363bc7c4c0": {
                                "create": 600000000000,
                                "delete": 1200000000000,
                                "update": 600000000000
                            },
                            "schema_version": "1"
                        },
                        "tainted": false
                    },
                    "deposed": [],
                    "provider": "provider.aws"
                },
                "aws_instance.testInstance": {
                    "type": "aws_instance",
                    "depends_on": [
                        "aws_iam_instance_profile.the_dock_s3_profile",
                        "aws_key_pair.ec2key",
                        "aws_network_interface.the_dock_network_interface"
                    ],
                    "primary": {
                        "id": "i-0abe02444952aa848",
                        "attributes": {
                            "ami": "ami-6869aa05",
                            "arn": "arn:aws:ec2:us-east-1:824065353601:instance/i-0abe02444952aa848",
                            "associate_public_ip_address": "false",
                            "availability_zone": "us-east-1e",
                            "cpu_core_count": "1",
                            "cpu_threads_per_core": "1",
                            "credit_specification.#": "1",
                            "credit_specification.0.cpu_credits": "standard",
                            "disable_api_termination": "false",
                            "ebs_block_device.#": "0",
                            "ebs_optimized": "false",
                            "ephemeral_block_device.#": "0",
                            "get_password_data": "false",
                            "iam_instance_profile": "the_dock_s3_profile",
                            "id": "i-0abe02444952aa848",
                            "instance_state": "running",
                            "instance_type": "t2.micro",
                            "ipv6_address_count": "0",
                            "ipv6_addresses.#": "0",
                            "key_name": "merigadonKeyPair",
                            "monitoring": "false",
                            "network_interface.#": "1",
                            "network_interface.285483273.delete_on_termination": "false",
                            "network_interface.285483273.device_index": "0",
                            "network_interface.285483273.network_interface_id": "eni-04584b88e20fa8b2f",
                            "password_data": "",
                            "placement_group": "",
                            "primary_network_interface_id": "eni-04584b88e20fa8b2f",
                            "private_dns": "ip-40-30-20-10.ec2.internal",
                            "private_ip": "40.30.20.10",
                            "public_dns": "",
                            "public_ip": "",
                            "root_block_device.#": "1",
                            "root_block_device.0.delete_on_termination": "true",
                            "root_block_device.0.encrypted": "false",
                            "root_block_device.0.iops": "100",
                            "root_block_device.0.kms_key_id": "",
                            "root_block_device.0.volume_id": "vol-0783e892333fb15b4",
                            "root_block_device.0.volume_size": "8",
                            "root_block_device.0.volume_type": "gp2",
                            "security_groups.#": "0",
                            "source_dest_check": "false",
                            "subnet_id": "subnet-0959a8890c6c286b5",
                            "tags.%": "2",
                            "tags.Environment": "Production",
                            "tags.Name": "merigadonTheDockVM123414",
                            "tenancy": "default",
                            "user_data": "2f700e4640429707499b3992fd5d85793a1a8ec8",
                            "volume_tags.%": "0",
                            "vpc_security_group_ids.#": "1",
                            "vpc_security_group_ids.1014932053": "sg-059f9337082fcfe4c"
                        },
                        "meta": {
                            "e2bfb730-ecaa-11e6-8f88-34363bc7c4c0": {
                                "create": 600000000000,
                                "delete": 1200000000000,
                                "update": 600000000000
                            },
                            "schema_version": "1"
                        },
                        "tainted": false
                    },
                    "deposed": [],
                    "provider": "provider.aws"
                },
                "aws_internet_gateway.igw": {
                    "type": "aws_internet_gateway",
                    "depends_on": [
                        "aws_vpc.vpc"
                    ],
                    "primary": {
                        "id": "igw-04ab20189e558a94e",
                        "attributes": {
                            "id": "igw-04ab20189e558a94e",
                            "owner_id": "824065353601",
                            "tags.%": "1",
                            "tags.Environment": "Production",
                            "vpc_id": "vpc-034e279a1720d37b1"
                        },
                        "meta": {},
                        "tainted": false
                    },
                    "deposed": [],
                    "provider": "provider.aws"
                },
                "aws_key_pair.ec2key": {
                    "type": "aws_key_pair",
                    "depends_on": [],
                    "primary": {
                        "id": "merigadonKeyPair",
                        "attributes": {
                            "fingerprint": "76:b9:66:bf:bb:6b:ed:81:20:15:56:d4:d5:f0:75:51",
                            "id": "merigadonKeyPair",
                            "key_name": "merigadonKeyPair",
                            "public_key": "ssh-rsa AAAAB3NzaC1yc2EAAAADAQABAAABAQDHhuwSpV5fvIF/GypQ4W2BkDu9riJO0fFGrjua71vms5AJHIk16Vf9afMbVugT8LtONqsbFaJYrWBrC7IbvUUXXHgvS3tklTM60OMcJO1X+Xg55SfnyHde09fKatVzeURGf2XMRyVUrO61B/ymYrw6ojtIRqAG/b4WD6P4JBmIqZenSk4MPQH0IjonStiA2fSVRQa0LU/u1fYqE895MSsDOvgk5V+fbmxaBWXeOjW/sfrlCx0WQev8YQUvHqEpEbpKA1l30bu0m8x75Ir0STjobA7TMHGDGixA+PsDhgwQOeCS9Wv01yVcRBMYOQW04AMa6Ow1DSy2bd4zGg6iA3Fx root@da04d8f214f6"
                        },
                        "meta": {
                            "schema_version": "1"
                        },
                        "tainted": false
                    },
                    "deposed": [],
                    "provider": "provider.aws"
                },
                "aws_nat_gateway.gw": {
                    "type": "aws_nat_gateway",
                    "depends_on": [
                        "aws_eip.nat",
                        "aws_internet_gateway.igw",
                        "aws_subnet.subnet_public"
                    ],
                    "primary": {
                        "id": "nat-0eb446433da3b7299",
                        "attributes": {
                            "allocation_id": "eipalloc-0d45139ac0d3bb3f5",
                            "id": "nat-0eb446433da3b7299",
                            "network_interface_id": "eni-069c5c3473aba61a5",
                            "private_ip": "40.30.1.157",
                            "public_ip": "3.229.78.246",
                            "subnet_id": "subnet-085e3a7fd49529afd",
                            "tags.%": "0"
                        },
                        "meta": {},
                        "tainted": false
                    },
                    "deposed": [],
                    "provider": "provider.aws"
                },
                "aws_network_interface.the_dock_network_interface": {
                    "type": "aws_network_interface",
                    "depends_on": [
                        "aws_security_group.db",
                        "aws_subnet.private"
                    ],
                    "primary": {
                        "id": "eni-04584b88e20fa8b2f",
                        "attributes": {
                            "attachment.#": "0",
                            "description": "",
                            "id": "eni-04584b88e20fa8b2f",
                            "private_dns_name": "ip-40-30-20-10.ec2.internal",
                            "private_ip": "40.30.20.10",
                            "private_ips.#": "1",
                            "private_ips.3069085762": "40.30.20.10",
                            "private_ips_count": "0",
                            "security_groups.#": "1",
                            "security_groups.1014932053": "sg-059f9337082fcfe4c",
                            "source_dest_check": "false",
                            "subnet_id": "subnet-0959a8890c6c286b5",
                            "tags.%": "0"
                        },
                        "meta": {},
                        "tainted": false
                    },
                    "deposed": [],
                    "provider": "provider.aws"
                },
                "aws_route_table.private": {
                    "type": "aws_route_table",
                    "depends_on": [
                        "aws_nat_gateway.gw",
                        "aws_vpc.vpc"
                    ],
                    "primary": {
                        "id": "rtb-04f626c6ff6845d37",
                        "attributes": {
                            "id": "rtb-04f626c6ff6845d37",
                            "owner_id": "824065353601",
                            "propagating_vgws.#": "0",
                            "route.#": "1",
                            "route.945362071.cidr_block": "0.0.0.0/0",
                            "route.945362071.egress_only_gateway_id": "",
                            "route.945362071.gateway_id": "",
                            "route.945362071.instance_id": "",
                            "route.945362071.ipv6_cidr_block": "",
                            "route.945362071.nat_gateway_id": "nat-0eb446433da3b7299",
                            "route.945362071.network_interface_id": "",
                            "route.945362071.transit_gateway_id": "",
                            "route.945362071.vpc_peering_connection_id": "",
                            "tags.%": "1",
                            "tags.Name": "Private Subnet Route Table",
                            "vpc_id": "vpc-034e279a1720d37b1"
                        },
                        "meta": {},
                        "tainted": false
                    },
                    "deposed": [],
                    "provider": "provider.aws"
                },
                "aws_route_table.rtb_public": {
                    "type": "aws_route_table",
                    "depends_on": [
                        "aws_internet_gateway.igw",
                        "aws_vpc.vpc"
                    ],
                    "primary": {
                        "id": "rtb-0735425c55fcb102e",
                        "attributes": {
                            "id": "rtb-0735425c55fcb102e",
                            "owner_id": "824065353601",
                            "propagating_vgws.#": "0",
                            "route.#": "1",
                            "route.784681336.cidr_block": "0.0.0.0/0",
                            "route.784681336.egress_only_gateway_id": "",
                            "route.784681336.gateway_id": "igw-04ab20189e558a94e",
                            "route.784681336.instance_id": "",
                            "route.784681336.ipv6_cidr_block": "",
                            "route.784681336.nat_gateway_id": "",
                            "route.784681336.network_interface_id": "",
                            "route.784681336.transit_gateway_id": "",
                            "route.784681336.vpc_peering_connection_id": "",
                            "tags.%": "1",
                            "tags.Environment": "Production",
                            "vpc_id": "vpc-034e279a1720d37b1"
                        },
                        "meta": {},
                        "tainted": false
                    },
                    "deposed": [],
                    "provider": "provider.aws"
                },
                "aws_route_table_association.private": {
                    "type": "aws_route_table_association",
                    "depends_on": [
                        "aws_route_table.private",
                        "aws_subnet.private"
                    ],
                    "primary": {
                        "id": "rtbassoc-050dd8e81a709f395",
                        "attributes": {
                            "id": "rtbassoc-050dd8e81a709f395",
                            "route_table_id": "rtb-04f626c6ff6845d37",
                            "subnet_id": "subnet-0959a8890c6c286b5"
                        },
                        "meta": {},
                        "tainted": false
                    },
                    "deposed": [],
                    "provider": "provider.aws"
                },
                "aws_route_table_association.rta_subnet_public": {
                    "type": "aws_route_table_association",
                    "depends_on": [
                        "aws_route_table.rtb_public",
                        "aws_subnet.subnet_public"
                    ],
                    "primary": {
                        "id": "rtbassoc-0dfebf626d718505a",
                        "attributes": {
                            "id": "rtbassoc-0dfebf626d718505a",
                            "route_table_id": "rtb-0735425c55fcb102e",
                            "subnet_id": "subnet-085e3a7fd49529afd"
                        },
                        "meta": {},
                        "tainted": false
                    },
                    "deposed": [],
                    "provider": "provider.aws"
                },
                "aws_security_group.db": {
                    "type": "aws_security_group",
                    "depends_on": [
                        "aws_vpc.vpc"
                    ],
                    "primary": {
                        "id": "sg-059f9337082fcfe4c",
                        "attributes": {
                            "arn": "arn:aws:ec2:us-east-1:824065353601:security-group/sg-059f9337082fcfe4c",
                            "description": "Allow incoming database connections.",
                            "egress.#": "2",
                            "egress.2214680975.cidr_blocks.#": "1",
                            "egress.2214680975.cidr_blocks.0": "0.0.0.0/0",
                            "egress.2214680975.description": "",
                            "egress.2214680975.from_port": "80",
                            "egress.2214680975.ipv6_cidr_blocks.#": "0",
                            "egress.2214680975.prefix_list_ids.#": "0",
                            "egress.2214680975.protocol": "tcp",
                            "egress.2214680975.security_groups.#": "0",
                            "egress.2214680975.self": "false",
                            "egress.2214680975.to_port": "80",
                            "egress.2617001939.cidr_blocks.#": "1",
                            "egress.2617001939.cidr_blocks.0": "0.0.0.0/0",
                            "egress.2617001939.description": "",
                            "egress.2617001939.from_port": "443",
                            "egress.2617001939.ipv6_cidr_blocks.#": "0",
                            "egress.2617001939.prefix_list_ids.#": "0",
                            "egress.2617001939.protocol": "tcp",
                            "egress.2617001939.security_groups.#": "0",
                            "egress.2617001939.self": "false",
                            "egress.2617001939.to_port": "443",
                            "id": "sg-059f9337082fcfe4c",
                            "ingress.#": "2",
                            "ingress.583042606.cidr_blocks.#": "1",
                            "ingress.583042606.cidr_blocks.0": "40.30.0.0/16",
                            "ingress.583042606.description": "",
                            "ingress.583042606.from_port": "-1",
                            "ingress.583042606.ipv6_cidr_blocks.#": "0",
                            "ingress.583042606.prefix_list_ids.#": "0",
                            "ingress.583042606.protocol": "icmp",
                            "ingress.583042606.security_groups.#": "0",
                            "ingress.583042606.self": "false",
                            "ingress.583042606.to_port": "-1",
                            "ingress.831813270.cidr_blocks.#": "1",
                            "ingress.831813270.cidr_blocks.0": "40.30.0.0/16",
                            "ingress.831813270.description": "",
                            "ingress.831813270.from_port": "22",
                            "ingress.831813270.ipv6_cidr_blocks.#": "0",
                            "ingress.831813270.prefix_list_ids.#": "0",
                            "ingress.831813270.protocol": "tcp",
                            "ingress.831813270.security_groups.#": "0",
                            "ingress.831813270.self": "false",
                            "ingress.831813270.to_port": "22",
                            "name": "vpc_db",
                            "owner_id": "824065353601",
                            "revoke_rules_on_delete": "false",
                            "tags.%": "1",
                            "tags.Name": "Private Server",
                            "vpc_id": "vpc-034e279a1720d37b1"
                        },
                        "meta": {
                            "e2bfb730-ecaa-11e6-8f88-34363bc7c4c0": {
                                "create": 600000000000,
                                "delete": 600000000000
                            },
                            "schema_version": "1"
                        },
                        "tainted": false
                    },
                    "deposed": [],
                    "provider": "provider.aws"
                },
                "aws_security_group.nat": {
                    "type": "aws_security_group",
                    "depends_on": [
                        "aws_vpc.vpc"
                    ],
                    "primary": {
                        "id": "sg-09cd96665aef4eec0",
                        "attributes": {
                            "arn": "arn:aws:ec2:us-east-1:824065353601:security-group/sg-09cd96665aef4eec0",
                            "description": "Allow traffic to pass from the private subnet to the internet",
                            "egress.#": "4",
                            "egress.1799340084.cidr_blocks.#": "1",
                            "egress.1799340084.cidr_blocks.0": "0.0.0.0/0",
                            "egress.1799340084.description": "",
                            "egress.1799340084.from_port": "-1",
                            "egress.1799340084.ipv6_cidr_blocks.#": "0",
                            "egress.1799340084.prefix_list_ids.#": "0",
                            "egress.1799340084.protocol": "icmp",
                            "egress.1799340084.security_groups.#": "0",
                            "egress.1799340084.self": "false",
                            "egress.1799340084.to_port": "-1",
                            "egress.2214680975.cidr_blocks.#": "1",
                            "egress.2214680975.cidr_blocks.0": "0.0.0.0/0",
                            "egress.2214680975.description": "",
                            "egress.2214680975.from_port": "80",
                            "egress.2214680975.ipv6_cidr_blocks.#": "0",
                            "egress.2214680975.prefix_list_ids.#": "0",
                            "egress.2214680975.protocol": "tcp",
                            "egress.2214680975.security_groups.#": "0",
                            "egress.2214680975.self": "false",
                            "egress.2214680975.to_port": "80",
                            "egress.2617001939.cidr_blocks.#": "1",
                            "egress.2617001939.cidr_blocks.0": "0.0.0.0/0",
                            "egress.2617001939.description": "",
                            "egress.2617001939.from_port": "443",
                            "egress.2617001939.ipv6_cidr_blocks.#": "0",
                            "egress.2617001939.prefix_list_ids.#": "0",
                            "egress.2617001939.protocol": "tcp",
                            "egress.2617001939.security_groups.#": "0",
                            "egress.2617001939.self": "false",
                            "egress.2617001939.to_port": "443",
                            "egress.831813270.cidr_blocks.#": "1",
                            "egress.831813270.cidr_blocks.0": "40.30.0.0/16",
                            "egress.831813270.description": "",
                            "egress.831813270.from_port": "22",
                            "egress.831813270.ipv6_cidr_blocks.#": "0",
                            "egress.831813270.prefix_list_ids.#": "0",
                            "egress.831813270.protocol": "tcp",
                            "egress.831813270.security_groups.#": "0",
                            "egress.831813270.self": "false",
                            "egress.831813270.to_port": "22",
                            "id": "sg-09cd96665aef4eec0",
                            "ingress.#": "4",
                            "ingress.163349794.cidr_blocks.#": "1",
                            "ingress.163349794.cidr_blocks.0": "40.30.16.0/20",
                            "ingress.163349794.description": "",
                            "ingress.163349794.from_port": "80",
                            "ingress.163349794.ipv6_cidr_blocks.#": "0",
                            "ingress.163349794.prefix_list_ids.#": "0",
                            "ingress.163349794.protocol": "tcp",
                            "ingress.163349794.security_groups.#": "0",
                            "ingress.163349794.self": "false",
                            "ingress.163349794.to_port": "80",
                            "ingress.1799340084.cidr_blocks.#": "1",
                            "ingress.1799340084.cidr_blocks.0": "0.0.0.0/0",
                            "ingress.1799340084.description": "",
                            "ingress.1799340084.from_port": "-1",
                            "ingress.1799340084.ipv6_cidr_blocks.#": "0",
                            "ingress.1799340084.prefix_list_ids.#": "0",
                            "ingress.1799340084.protocol": "icmp",
                            "ingress.1799340084.security_groups.#": "0",
                            "ingress.1799340084.self": "false",
                            "ingress.1799340084.to_port": "-1",
                            "ingress.2541437006.cidr_blocks.#": "1",
                            "ingress.2541437006.cidr_blocks.0": "0.0.0.0/0",
                            "ingress.2541437006.description": "",
                            "ingress.2541437006.from_port": "22",
                            "ingress.2541437006.ipv6_cidr_blocks.#": "0",
                            "ingress.2541437006.prefix_list_ids.#": "0",
                            "ingress.2541437006.protocol": "tcp",
                            "ingress.2541437006.security_groups.#": "0",
                            "ingress.2541437006.self": "false",
                            "ingress.2541437006.to_port": "22",
                            "ingress.2999265607.cidr_blocks.#": "1",
                            "ingress.2999265607.cidr_blocks.0": "40.30.16.0/20",
                            "ingress.2999265607.description": "",
                            "ingress.2999265607.from_port": "443",
                            "ingress.2999265607.ipv6_cidr_blocks.#": "0",
                            "ingress.2999265607.prefix_list_ids.#": "0",
                            "ingress.2999265607.protocol": "tcp",
                            "ingress.2999265607.security_groups.#": "0",
                            "ingress.2999265607.self": "false",
                            "ingress.2999265607.to_port": "443",
                            "name": "vpc_nat",
                            "owner_id": "824065353601",
                            "revoke_rules_on_delete": "false",
                            "tags.%": "1",
                            "tags.Name": "NATSG",
                            "vpc_id": "vpc-034e279a1720d37b1"
                        },
                        "meta": {
                            "e2bfb730-ecaa-11e6-8f88-34363bc7c4c0": {
                                "create": 600000000000,
                                "delete": 600000000000
                            },
                            "schema_version": "1"
                        },
                        "tainted": false
                    },
                    "deposed": [],
                    "provider": "provider.aws"
                },
                "aws_subnet.private": {
                    "type": "aws_subnet",
                    "depends_on": [
                        "aws_vpc.vpc"
                    ],
                    "primary": {
                        "id": "subnet-0959a8890c6c286b5",
                        "attributes": {
                            "arn": "arn:aws:ec2:us-east-1:824065353601:subnet/subnet-0959a8890c6c286b5",
                            "assign_ipv6_address_on_creation": "false",
                            "availability_zone": "us-east-1e",
                            "availability_zone_id": "use1-az3",
                            "cidr_block": "40.30.16.0/20",
                            "id": "subnet-0959a8890c6c286b5",
                            "ipv6_cidr_block": "",
                            "ipv6_cidr_block_association_id": "",
                            "map_public_ip_on_launch": "false",
                            "owner_id": "824065353601",
                            "tags.%": "1",
                            "tags.Name": "Private Subnet",
                            "vpc_id": "vpc-034e279a1720d37b1"
                        },
                        "meta": {
                            "e2bfb730-ecaa-11e6-8f88-34363bc7c4c0": {
                                "create": 600000000000,
                                "delete": 1200000000000
                            },
                            "schema_version": "1"
                        },
                        "tainted": false
                    },
                    "deposed": [],
                    "provider": "provider.aws"
                },
                "aws_subnet.subnet_public": {
                    "type": "aws_subnet",
                    "depends_on": [
                        "aws_vpc.vpc"
                    ],
                    "primary": {
                        "id": "subnet-085e3a7fd49529afd",
                        "attributes": {
                            "arn": "arn:aws:ec2:us-east-1:824065353601:subnet/subnet-085e3a7fd49529afd",
                            "assign_ipv6_address_on_creation": "false",
                            "availability_zone": "us-east-1a",
                            "availability_zone_id": "use1-az2",
                            "cidr_block": "40.30.0.0/23",
                            "id": "subnet-085e3a7fd49529afd",
                            "ipv6_cidr_block": "",
                            "ipv6_cidr_block_association_id": "",
                            "map_public_ip_on_launch": "true",
                            "owner_id": "824065353601",
                            "tags.%": "1",
                            "tags.Environment": "Production",
                            "vpc_id": "vpc-034e279a1720d37b1"
                        },
                        "meta": {
                            "e2bfb730-ecaa-11e6-8f88-34363bc7c4c0": {
                                "create": 600000000000,
                                "delete": 1200000000000
                            },
                            "schema_version": "1"
                        },
                        "tainted": false
                    },
                    "deposed": [],
                    "provider": "provider.aws"
                },
                "aws_vpc.vpc": {
                    "type": "aws_vpc",
                    "depends_on": [],
                    "primary": {
                        "id": "vpc-034e279a1720d37b1",
                        "attributes": {
                            "arn": "arn:aws:ec2:us-east-1:824065353601:vpc/vpc-034e279a1720d37b1",
                            "assign_generated_ipv6_cidr_block": "false",
                            "cidr_block": "40.30.0.0/16",
                            "default_network_acl_id": "acl-0cbfb2008789d9f63",
                            "default_route_table_id": "rtb-00ce96e145bcdaf9b",
                            "default_security_group_id": "sg-0c1ce6318d2c820ff",
                            "dhcp_options_id": "dopt-15edab6e",
                            "enable_classiclink": "false",
                            "enable_classiclink_dns_support": "false",
                            "enable_dns_hostnames": "true",
                            "enable_dns_support": "true",
                            "id": "vpc-034e279a1720d37b1",
                            "instance_tenancy": "default",
                            "ipv6_association_id": "",
                            "ipv6_cidr_block": "",
                            "main_route_table_id": "rtb-00ce96e145bcdaf9b",
                            "owner_id": "824065353601",
                            "tags.%": "1",
                            "tags.Environment": "Production"
                        },
                        "meta": {
                            "schema_version": "1"
                        },
                        "tainted": false
                    },
                    "deposed": [],
                    "provider": "provider.aws"
                }
            },
            "depends_on": []
        }
    ]
}
